
Microsoft Visual Studio Solution File, Format Version 12.00
# Visual Studio 14
VisualStudioVersion = 14.0.25420.1
MinimumVisualStudioVersion = 10.0.40219.1
Project("{FAE04EC0-301F-11D3-BF4B-00C04F79EFBC}") = "tyysocx", "tyysocx\tyysocx.csproj", "{6A9C82DA-692C-4CA3-804C-D70A8042F74B}"
EndProject
Project("{FAE04EC0-301F-11D3-BF4B-00C04F79EFBC}") = "tyysoxcexe", "tyysoxcexe\tyysoxcexe.csproj", "{CCCC1830-F263-435C-BA4C-B13622726CE4}"
EndProject
Project("{FAE04EC0-301F-11D3-BF4B-00C04F79EFBC}") = "tyysocxwebsample", "tyysocxwebsample\tyysocxwebsample.csproj", "{009F95FA-58EB-4B2B-A66E-D16A8AB01CC3}"
EndProject
Project("{6141683F-8A12-4E36-9623-2EB02B2C2303}") = "Setup", "Setup\Setup.isproj", "{8EC25132-87A4-4DE0-825C-0129736F1863}"
EndProject
Global
	GlobalSection(SolutionConfigurationPlatforms) = preSolution
		CD_ROM|Any CPU = CD_ROM|Any CPU
		CD_ROM|x86 = CD_ROM|x86
		Debug|Any CPU = Debug|Any CPU
		Debug|x86 = Debug|x86
		DVD-5|Any CPU = DVD-5|Any CPU
		DVD-5|x86 = DVD-5|x86
		Release|Any CPU = Release|Any CPU
		Release|x86 = Release|x86
		SingleImage|Any CPU = SingleImage|Any CPU
		SingleImage|x86 = SingleImage|x86
	EndGlobalSection
	GlobalSection(ProjectConfigurationPlatforms) = postSolution
		{6A9C82DA-692C-4CA3-804C-D70A8042F74B}.CD_ROM|Any CPU.ActiveCfg = Release|Any CPU
		{6A9C82DA-692C-4CA3-804C-D70A8042F74B}.CD_ROM|Any CPU.Build.0 = Release|Any CPU
		{6A9C82DA-692C-4CA3-804C-D70A8042F74B}.CD_ROM|x86.ActiveCfg = Release|Any CPU
		{6A9C82DA-692C-4CA3-804C-D70A8042F74B}.CD_ROM|x86.Build.0 = Release|Any CPU
		{6A9C82DA-692C-4CA3-804C-D70A8042F74B}.Debug|Any CPU.ActiveCfg = Debug|Any CPU
		{6A9C82DA-692C-4CA3-804C-D70A8042F74B}.Debug|Any CPU.Build.0 = Debug|Any CPU
		{6A9C82DA-692C-4CA3-804C-D70A8042F74B}.Debug|x86.ActiveCfg = Debug|Any CPU
		{6A9C82DA-692C-4CA3-804C-D70A8042F74B}.Debug|x86.Build.0 = Debug|Any CPU
		{6A9C82DA-692C-4CA3-804C-D70A8042F74B}.DVD-5|Any CPU.ActiveCfg = Debug|Any CPU
		{6A9C82DA-692C-4CA3-804C-D70A8042F74B}.DVD-5|Any CPU.Build.0 = Debug|Any CPU
		{6A9C82DA-692C-4CA3-804C-D70A8042F74B}.DVD-5|x86.ActiveCfg = Debug|Any CPU
		{6A9C82DA-692C-4CA3-804C-D70A8042F74B}.DVD-5|x86.Build.0 = Debug|Any CPU
		{6A9C82DA-692C-4CA3-804C-D70A8042F74B}.Release|Any CPU.ActiveCfg = Release|Any CPU
		{6A9C82DA-692C-4CA3-804C-D70A8042F74B}.Release|Any CPU.Build.0 = Release|Any CPU
		{6A9C82DA-692C-4CA3-804C-D70A8042F74B}.Release|x86.ActiveCfg = Release|Any CPU
		{6A9C82DA-692C-4CA3-804C-D70A8042F74B}.Release|x86.Build.0 = Release|Any CPU
		{6A9C82DA-692C-4CA3-804C-D70A8042F74B}.SingleImage|Any CPU.ActiveCfg = Release|Any CPU
		{6A9C82DA-692C-4CA3-804C-D70A8042F74B}.SingleImage|Any CPU.Build.0 = Release|Any CPU
		{6A9C82DA-692C-4CA3-804C-D70A8042F74B}.SingleImage|x86.ActiveCfg = Release|Any CPU
		{6A9C82DA-692C-4CA3-804C-D70A8042F74B}.SingleImage|x86.Build.0 = Release|Any CPU
		{CCCC1830-F263-435C-BA4C-B13622726CE4}.CD_ROM|Any CPU.ActiveCfg = Release|Any CPU
		{CCCC1830-F263-435C-BA4C-B13622726CE4}.CD_ROM|Any CPU.Build.0 = Release|Any CPU
		{CCCC1830-F263-435C-BA4C-B13622726CE4}.CD_ROM|x86.ActiveCfg = Release|Any CPU
		{CCCC1830-F263-435C-BA4C-B13622726CE4}.CD_ROM|x86.Build.0 = Release|Any CPU
		{CCCC1830-F263-435C-BA4C-B13622726CE4}.Debug|Any CPU.ActiveCfg = Debug|Any CPU
		{CCCC1830-F263-435C-BA4C-B13622726CE4}.Debug|Any CPU.Build.0 = Debug|Any CPU
		{CCCC1830-F263-435C-BA4C-B13622726CE4}.Debug|x86.ActiveCfg = Debug|Any CPU
		{CCCC1830-F263-435C-BA4C-B13622726CE4}.Debug|x86.Build.0 = Debug|Any CPU
		{CCCC1830-F263-435C-BA4C-B13622726CE4}.DVD-5|Any CPU.ActiveCfg = Debug|Any CPU
		{CCCC1830-F263-435C-BA4C-B13622726CE4}.DVD-5|Any CPU.Build.0 = Debug|Any CPU
		{CCCC1830-F263-435C-BA4C-B13622726CE4}.DVD-5|x86.ActiveCfg = Debug|Any CPU
		{CCCC1830-F263-435C-BA4C-B13622726CE4}.DVD-5|x86.Build.0 = Debug|Any CPU
		{CCCC1830-F263-435C-BA4C-B13622726CE4}.Release|Any CPU.ActiveCfg = Release|Any CPU
		{CCCC1830-F263-435C-BA4C-B13622726CE4}.Release|Any CPU.Build.0 = Release|Any CPU
		{CCCC1830-F263-435C-BA4C-B13622726CE4}.Release|x86.ActiveCfg = Release|Any CPU
		{CCCC1830-F263-435C-BA4C-B13622726CE4}.Release|x86.Build.0 = Release|Any CPU
		{CCCC1830-F263-435C-BA4C-B13622726CE4}.SingleImage|Any CPU.ActiveCfg = Release|Any CPU
		{CCCC1830-F263-435C-BA4C-B13622726CE4}.SingleImage|Any CPU.Build.0 = Release|Any CPU
		{CCCC1830-F263-435C-BA4C-B13622726CE4}.SingleImage|x86.ActiveCfg = Release|Any CPU
		{CCCC1830-F263-435C-BA4C-B13622726CE4}.SingleImage|x86.Build.0 = Release|Any CPU
		{009F95FA-58EB-4B2B-A66E-D16A8AB01CC3}.CD_ROM|Any CPU.ActiveCfg = Release|Any CPU
		{009F95FA-58EB-4B2B-A66E-D16A8AB01CC3}.CD_ROM|Any CPU.Build.0 = Release|Any CPU
		{009F95FA-58EB-4B2B-A66E-D16A8AB01CC3}.CD_ROM|x86.ActiveCfg = Release|Any CPU
		{009F95FA-58EB-4B2B-A66E-D16A8AB01CC3}.CD_ROM|x86.Build.0 = Release|Any CPU
		{009F95FA-58EB-4B2B-A66E-D16A8AB01CC3}.Debug|Any CPU.ActiveCfg = Debug|Any CPU
		{009F95FA-58EB-4B2B-A66E-D16A8AB01CC3}.Debug|Any CPU.Build.0 = Debug|Any CPU
		{009F95FA-58EB-4B2B-A66E-D16A8AB01CC3}.Debug|x86.ActiveCfg = Debug|Any CPU
		{009F95FA-58EB-4B2B-A66E-D16A8AB01CC3}.Debug|x86.Build.0 = Debug|Any CPU
		{009F95FA-58EB-4B2B-A66E-D16A8AB01CC3}.DVD-5|Any CPU.ActiveCfg = Debug|Any CPU
		{009F95FA-58EB-4B2B-A66E-D16A8AB01CC3}.DVD-5|Any CPU.Build.0 = Debug|Any CPU
		{009F95FA-58EB-4B2B-A66E-D16A8AB01CC3}.DVD-5|x86.ActiveCfg = Debug|Any CPU
		{009F95FA-58EB-4B2B-A66E-D16A8AB01CC3}.DVD-5|x86.Build.0 = Debug|Any CPU
		{009F95FA-58EB-4B2B-A66E-D16A8AB01CC3}.Release|Any CPU.ActiveCfg = Release|Any CPU
		{009F95FA-58EB-4B2B-A66E-D16A8AB01CC3}.Release|Any CPU.Build.0 = Release|Any CPU
		{009F95FA-58EB-4B2B-A66E-D16A8AB01CC3}.Release|x86.ActiveCfg = Release|Any CPU
		{009F95FA-58EB-4B2B-A66E-D16A8AB01CC3}.Release|x86.Build.0 = Release|Any CPU
		{009F95FA-58EB-4B2B-A66E-D16A8AB01CC3}.SingleImage|Any CPU.ActiveCfg = Release|Any CPU
		{009F95FA-58EB-4B2B-A66E-D16A8AB01CC3}.SingleImage|Any CPU.Build.0 = Release|Any CPU
		{009F95FA-58EB-4B2B-A66E-D16A8AB01CC3}.SingleImage|x86.ActiveCfg = Release|Any CPU
		{009F95FA-58EB-4B2B-A66E-D16A8AB01CC3}.SingleImage|x86.Build.0 = Release|Any CPU
		{8EC25132-87A4-4DE0-825C-0129736F1863}.CD_ROM|Any CPU.ActiveCfg = CD_ROM
		{8EC25132-87A4-4DE0-825C-0129736F1863}.CD_ROM|Any CPU.Build.0 = CD_ROM
		{8EC25132-87A4-4DE0-825C-0129736F1863}.CD_ROM|x86.ActiveCfg = CD_ROM
		{8EC25132-87A4-4DE0-825C-0129736F1863}.CD_ROM|x86.Build.0 = CD_ROM
		{8EC25132-87A4-4DE0-825C-0129736F1863}.Debug|Any CPU.ActiveCfg = DVD-5
		{8EC25132-87A4-4DE0-825C-0129736F1863}.Debug|Any CPU.Build.0 = DVD-5
		{8EC25132-87A4-4DE0-825C-0129736F1863}.Debug|x86.ActiveCfg = DVD-5
		{8EC25132-87A4-4DE0-825C-0129736F1863}.Debug|x86.Build.0 = DVD-5
		{8EC25132-87A4-4DE0-825C-0129736F1863}.DVD-5|Any CPU.ActiveCfg = DVD-5
		{8EC25132-87A4-4DE0-825C-0129736F1863}.DVD-5|Any CPU.Build.0 = DVD-5
		{8EC25132-87A4-4DE0-825C-0129736F1863}.DVD-5|x86.ActiveCfg = DVD-5
		{8EC25132-87A4-4DE0-825C-0129736F1863}.DVD-5|x86.Build.0 = DVD-5
		{8EC25132-87A4-4DE0-825C-0129736F1863}.Release|Any CPU.ActiveCfg = SingleImage
		{8EC25132-87A4-4DE0-825C-0129736F1863}.Release|Any CPU.Build.0 = SingleImage
		{8EC25132-87A4-4DE0-825C-0129736F1863}.Release|x86.ActiveCfg = SingleImage
		{8EC25132-87A4-4DE0-825C-0129736F1863}.Release|x86.Build.0 = SingleImage
		{8EC25132-87A4-4DE0-825C-0129736F1863}.SingleImage|Any CPU.ActiveCfg = SingleImage
		{8EC25132-87A4-4DE0-825C-0129736F1863}.SingleImage|Any CPU.Build.0 = SingleImage
		{8EC25132-87A4-4DE0-825C-0129736F1863}.SingleImage|x86.ActiveCfg = SingleImage
		{8EC25132-87A4-4DE0-825C-0129736F1863}.SingleImage|x86.Build.0 = SingleImage
	EndGlobalSection
	GlobalSection(SolutionProperties) = preSolution
		HideSolutionNode = FALSE
	EndGlobalSection
EndGlobal
